# THIS IS AN AUTOGENERATED FILE. DO NOT EDIT THIS FILE DIRECTLY.
# yarn lockfile v1


split.js@^1.3.5:
  version "1.5.10"
  resolved "https://registry.yarnpkg.com/split.js/-/split.js-1.5.10.tgz#11f63a7ea21780a6022e6dffe8f8eaa18c9c819e"
  integrity sha512-/J52X5c4ZypVwu4WAhD8E1T9uXQtNokvG6mIBHauzyA1aKH6bmETVSv3RPjBXEz6Gcc4mIThgmjGQL39LD16jQ==

vue-split-panel@^1.0.4:
  version "1.0.4"
  resolved "https://registry.yarnpkg.com/vue-split-panel/-/vue-split-panel-1.0.4.tgz#77b75399236bb7610e053598cc33c4988573ad6b"
  integrity sha512-OGR+2vIHGcXjpXMh7Pv6uG0t6ihL8o8wmHLeKfvArNPJs/Z0GYLplDcUdTg7Z/Et+IsYVlR13f83oiuRVLYOkw==
  dependencies:
    split.js "^1.3.5"

vue-virtual-scroll-list@^1.3.1:
  version "1.3.1"
  resolved "https://registry.yarnpkg.com/vue-virtual-scroll-list/-/vue-virtual-scroll-list-1.3.1.tgz#efcb83d3a3dcc69cd886fa4de1130a65493e8f76"
  integrity sha512-PMTxiK9/P1LtgoWWw4n1QnmDDkYqIdWWCNdt1L4JD9g6rwDgnsGsSV10bAnd5n7DQLHGWHjRex+zAbjXWT8t0g==
